// !$*UTF8*$!
{
	archiveVersion = 1;
	classes = {
	};
	objectVersion = 51;
	objects = {

/* Begin PBXBuildFile section */
		12CE021D24C5BDF2008D7847 /* AppDelegate.swift in Sources */ = {isa = PBXBuildFile; fileRef = 12CE021C24C5BDF2008D7847 /* AppDelegate.swift */; };
		12CE021F24C5BDF2008D7847 /* SceneDelegate.swift in Sources */ = {isa = PBXBuildFile; fileRef = 12CE021E24C5BDF2008D7847 /* SceneDelegate.swift */; };
		12CE022124C5BDF2008D7847 /* ViewController.swift in Sources */ = {isa = PBXBuildFile; fileRef = 12CE022024C5BDF2008D7847 /* ViewController.swift */; };
		12CE022424C5BDF2008D7847 /* Main.storyboard in Resources */ = {isa = PBXBuildFile; fileRef = 12CE022224C5BDF2008D7847 /* Main.storyboard */; };
		12CE022624C5BDF4008D7847 /* Assets.xcassets in Resources */ = {isa = PBXBuildFile; fileRef = 12CE022524C5BDF4008D7847 /* Assets.xcassets */; };
		12CE022924C5BDF4008D7847 /* LaunchScreen.storyboard in Resources */ = {isa = PBXBuildFile; fileRef = 12CE022724C5BDF4008D7847 /* LaunchScreen.storyboard */; };
		12CE023124C5E6AC008D7847 /* ChatViewController.swift in Sources */ = {isa = PBXBuildFile; fileRef = 12CE023024C5E6AC008D7847 /* ChatViewController.swift */; };
		1B2DF68B9332EC057634352D /* Pods_AppToAppChat.framework in Frameworks */ = {isa = PBXBuildFile; fileRef = 92C9EBF856F5ED3822CB18A9 /* Pods_AppToAppChat.framework */; };
/* End PBXBuildFile section */

/* Begin PBXFileReference section */
		12CE021924C5BDF2008D7847 /* AppToAppChat.app */ = {isa = PBXFileReference; explicitFileType = wrapper.application; includeInIndex = 0; path = AppToAppChat.app; sourceTree = BUILT_PRODUCTS_DIR; };
		12CE021C24C5BDF2008D7847 /* AppDelegate.swift */ = {isa = PBXFileReference; lastKnownFileType = sourcecode.swift; path = AppDelegate.swift; sourceTree = "<group>"; };
		12CE021E24C5BDF2008D7847 /* SceneDelegate.swift */ = {isa = PBXFileReference; lastKnownFileType = sourcecode.swift; path = SceneDelegate.swift; sourceTree = "<group>"; };
		12CE022024C5BDF2008D7847 /* ViewController.swift */ = {isa = PBXFileReference; lastKnownFileType = sourcecode.swift; path = ViewController.swift; sourceTree = "<group>"; };
		12CE022324C5BDF2008D7847 /* Base */ = {isa = PBXFileReference; lastKnownFileType = file.storyboard; name = Base; path = Base.lproj/Main.storyboard; sourceTree = "<group>"; };
		12CE022524C5BDF4008D7847 /* Assets.xcassets */ = {isa = PBXFileReference; lastKnownFileType = folder.assetcatalog; path = Assets.xcassets; sourceTree = "<group>"; };
		12CE022824C5BDF4008D7847 /* Base */ = {isa = PBXFileReference; lastKnownFileType = file.storyboard; name = Base; path = Base.lproj/LaunchScreen.storyboard; sourceTree = "<group>"; };
		12CE022A24C5BDF4008D7847 /* Info.plist */ = {isa = PBXFileReference; lastKnownFileType = text.plist.xml; path = Info.plist; sourceTree = "<group>"; };
		12CE023024C5E6AC008D7847 /* ChatViewController.swift */ = {isa = PBXFileReference; lastKnownFileType = sourcecode.swift; path = ChatViewController.swift; sourceTree = "<group>"; };
		15C42528C9799F08658587D0 /* Pods-AppToAppChat.debug.xcconfig */ = {isa = PBXFileReference; includeInIndex = 1; lastKnownFileType = text.xcconfig; name = "Pods-AppToAppChat.debug.xcconfig"; path = "Target Support Files/Pods-AppToAppChat/Pods-AppToAppChat.debug.xcconfig"; sourceTree = "<group>"; };
		92C9EBF856F5ED3822CB18A9 /* Pods_AppToAppChat.framework */ = {isa = PBXFileReference; explicitFileType = wrapper.framework; includeInIndex = 0; path = Pods_AppToAppChat.framework; sourceTree = BUILT_PRODUCTS_DIR; };
		B9235A6F9F42A6A01CE501C5 /* Pods-AppToAppChat.release.xcconfig */ = {isa = PBXFileReference; includeInIndex = 1; lastKnownFileType = text.xcconfig; name = "Pods-AppToAppChat.release.xcconfig"; path = "Target Support Files/Pods-AppToAppChat/Pods-AppToAppChat.release.xcconfig"; sourceTree = "<group>"; };
/* End PBXFileReference section */

/* Begin PBXFrameworksBuildPhase section */
		12CE021624C5BDF2008D7847 /* Frameworks */ = {
			isa = PBXFrameworksBuildPhase;
			buildActionMask = 2147483647;
			files = (
				1B2DF68B9332EC057634352D /* Pods_AppToAppChat.framework in Frameworks */,
			);
			runOnlyForDeploymentPostprocessing = 0;
		};
/* End PBXFrameworksBuildPhase section */

/* Begin PBXGroup section */
		12CE021024C5BDF2008D7847 = {
			isa = PBXGroup;
			children = (
				12CE021B24C5BDF2008D7847 /* AppToAppChat */,
				12CE021A24C5BDF2008D7847 /* Products */,
				3B10705762D03BB6A0628128 /* Pods */,
				EE6067E0F7B1EC855AE8E018 /* Frameworks */,
			);
			sourceTree = "<group>";
		};
		12CE021A24C5BDF2008D7847 /* Products */ = {
			isa = PBXGroup;
			children = (
				12CE021924C5BDF2008D7847 /* AppToAppChat.app */,
			);
			name = Products;
			sourceTree = "<group>";
		};
		12CE021B24C5BDF2008D7847 /* AppToAppChat */ = {
			isa = PBXGroup;
			children = (
				12CE021C24C5BDF2008D7847 /* AppDelegate.swift */,
				12CE021E24C5BDF2008D7847 /* SceneDelegate.swift */,
				12CE022024C5BDF2008D7847 /* ViewController.swift */,
				12CE023024C5E6AC008D7847 /* ChatViewController.swift */,
				12CE022224C5BDF2008D7847 /* Main.storyboard */,
				12CE022524C5BDF4008D7847 /* Assets.xcassets */,
				12CE022724C5BDF4008D7847 /* LaunchScreen.storyboard */,
				12CE022A24C5BDF4008D7847 /* Info.plist */,
			);
			path = AppToAppChat;
			sourceTree = "<group>";
		};
		3B10705762D03BB6A0628128 /* Pods */ = {
			isa = PBXGroup;
			children = (
				15C42528C9799F08658587D0 /* Pods-AppToAppChat.debug.xcconfig */,
				B9235A6F9F42A6A01CE501C5 /* Pods-AppToAppChat.release.xcconfig */,
			);
			path = Pods;
			sourceTree = "<group>";
		};
		EE6067E0F7B1EC855AE8E018 /* Frameworks */ = {
			isa = PBXGroup;
			children = (
				92C9EBF856F5ED3822CB18A9 /* Pods_AppToAppChat.framework */,
			);
			name = Frameworks;
			sourceTree = "<group>";
		};
/* End PBXGroup section */

/* Begin PBXNativeTarget section */
		12CE021824C5BDF2008D7847 /* AppToAppChat */ = {
			isa = PBXNativeTarget;
			buildConfigurationList = 12CE022D24C5BDF4008D7847 /* Build configuration list for PBXNativeTarget "AppToAppChat" */;
			buildPhases = (
				585E684EE8EBDB781B423FA4 /* [CP] Check Pods Manifest.lock */,
				12CE021524C5BDF2008D7847 /* Sources */,
				12CE021624C5BDF2008D7847 /* Frameworks */,
				12CE021724C5BDF2008D7847 /* Resources */,
			);
			buildRules = (
			);
			dependencies = (
			);
			name = AppToAppChat;
			productName = AppToAppChat;
			productReference = 12CE021924C5BDF2008D7847 /* AppToAppChat.app */;
			productType = "com.apple.product-type.application";
		};
/* End PBXNativeTarget section */

/* Begin PBXProject section */
		12CE021124C5BDF2008D7847 /* Project object */ = {
			isa = PBXProject;
			attributes = {
				LastSwiftUpdateCheck = 1150;
				LastUpgradeCheck = 1150;
				ORGANIZATIONNAME = Vonage;
				TargetAttributes = {
					12CE021824C5BDF2008D7847 = {
						CreatedOnToolsVersion = 11.5;
					};
				};
			};
			buildConfigurationList = 12CE021424C5BDF2008D7847 /* Build configuration list for PBXProject "AppToAppChat" */;
			compatibilityVersion = "Xcode 9.3";
			developmentRegion = en;
			hasScannedForEncodings = 0;
			knownRegions = (
				en,
				Base,
			);
			mainGroup = 12CE021024C5BDF2008D7847;
			productRefGroup = 12CE021A24C5BDF2008D7847 /* Products */;
			projectDirPath = "";
			projectRoot = "";
			targets = (
				12CE021824C5BDF2008D7847 /* AppToAppChat */,
			);
		};
/* End PBXProject section */

/* Begin PBXResourcesBuildPhase section */
		12CE021724C5BDF2008D7847 /* Resources */ = {
			isa = PBXResourcesBuildPhase;
			buildActionMask = 2147483647;
			files = (
				12CE022924C5BDF4008D7847 /* LaunchScreen.storyboard in Resources */,
				12CE022624C5BDF4008D7847 /* Assets.xcassets in Resources */,
				12CE022424C5BDF2008D7847 /* Main.storyboard in Resources */,
			);
			runOnlyForDeploymentPostprocessing = 0;
		};
/* End PBXResourcesBuildPhase section */

/* Begin PBXShellScriptBuildPhase section */
		585E684EE8EBDB781B423FA4 /* [CP] Check Pods Manifest.lock */ = {
			isa = PBXShellScriptBuildPhase;
			buildActionMask = 2147483647;
			files = (
			);
			inputFileListPaths = (
			);
			inputPaths = (
				"${PODS_PODFILE_DIR_PATH}/Podfile.lock",
				"${PODS_ROOT}/Manifest.lock",
			);
			name = "[CP] Check Pods Manifest.lock";
			outputFileListPaths = (
			);
			outputPaths = (
				"$(DERIVED_FILE_DIR)/Pods-AppToAppChat-checkManifestLockResult.txt",
			);
			runOnlyForDeploymentPostprocessing = 0;
			shellPath = /bin/sh;
			shellScript = "diff \"${PODS_PODFILE_DIR_PATH}/Podfile.lock\" \"${PODS_ROOT}/Manifest.lock\" > /dev/null\nif [ $? != 0 ] ; then\n    # print error to STDERR\n    echo \"error: The sandbox is not in sync with the Podfile.lock. Run 'pod install' or update your CocoaPods installation.\" >&2\n    exit 1\nfi\n# This output is used by Xcode 'outputs' to avoid re-running this script phase.\necho \"SUCCESS\" > \"${SCRIPT_OUTPUT_FILE_0}\"\n";
			showEnvVarsInLog = 0;
		};
/* End PBXShellScriptBuildPhase section */

/* Begin PBXSourcesBuildPhase section */
		12CE021524C5BDF2008D7847 /* Sources */ = {
			isa = PBXSourcesBuildPhase;
			buildActionMask = 2147483647;
			files = (
				12CE022124C5BDF2008D7847 /* ViewController.swift in Sources */,
				12CE021D24C5BDF2008D7847 /* AppDelegate.swift in Sources */,
				12CE023124C5E6AC008D7847 /* ChatViewController.swift in Sources */,
				12CE021F24C5BDF2008D7847 /* SceneDelegate.swift in Sources */,
			);
			runOnlyForDeploymentPostprocessing = 0;
		};
/* End PBXSourcesBuildPhase section */

/* Begin PBXVariantGroup section */
		12CE022224C5BDF2008D7847 /* Main.storyboard */ = {
			isa = PBXVariantGroup;
			children = (
				12CE022324C5BDF2008D7847 /* Base */,
			);
			name = Main.storyboard;
			sourceTree = "<group>";
		};
		12CE022724C5BDF4008D7847 /* LaunchScreen.storyboard */ = {
			isa = PBXVariantGroup;
			children = (
				12CE022824C5BDF4008D7847 /* Base */,
			);
			name = LaunchScreen.storyboard;
			sourceTree = "<group>";
		};
/* End PBXVariantGroup section */

/* Begin XCBuildConfiguration section */
		12CE022B24C5BDF4008D7847 /* Debug */ = {
			isa = XCBuildConfiguration;
			buildSettings = {
				ALWAYS_SEARCH_USER_PATHS = NO;
				CLANG_ANALYZER_NONNULL = YES;
				CLANG_ANALYZER_NUMBER_OBJECT_CONVERSION = YES_AGGRESSIVE;
				CLANG_CXX_LANGUAGE_STANDARD = "gnu++14";
				CLANG_CXX_LIBRARY = "libc++";
				CLANG_ENABLE_MODULES = YES;
				CLANG_ENABLE_OBJC_ARC = YES;
				CLANG_ENABLE_OBJC_WEAK = YES;
				CLANG_WARN_BLOCK_CAPTURE_AUTORELEASING = YES;
				CLANG_WARN_BOOL_CONVERSION = YES;
				CLANG_WARN_COMMA = YES;
				CLANG_WARN_CONSTANT_CONVERSION = YES;
				CLANG_WARN_DEPRECATED_OBJC_IMPLEMENTATIONS = YES;
				CLANG_WARN_DIRECT_OBJC_ISA_USAGE = YES_ERROR;
				CLANG_WARN_DOCUMENTATION_COMMENTS = YES;
				CLANG_WARN_EMPTY_BODY = YES;
				CLANG_WARN_ENUM_CONVERSION = YES;
				CLANG_WARN_INFINITE_RECURSION = YES;
				CLANG_WARN_INT_CONVERSION = YES;
				CLANG_WARN_NON_LITERAL_NULL_CONVERSION = YES;
				CLANG_WARN_OBJC_IMPLICIT_RETAIN_SELF = YES;
				CLANG_WARN_OBJC_LITERAL_CONVERSION = YES;
				CLANG_WARN_OBJC_ROOT_CLASS = YES_ERROR;
				CLANG_WARN_RANGE_LOOP_ANALYSIS = YES;
				CLANG_WARN_STRICT_PROTOTYPES = YES;
				CLANG_WARN_SUSPICIOUS_MOVE = YES;
				CLANG_WARN_UNGUARDED_AVAILABILITY = YES_AGGRESSIVE;
				CLANG_WARN_UNREACHABLE_CODE = YES;
				CLANG_WARN__DUPLICATE_METHOD_MATCH = YES;
				COPY_PHASE_STRIP = NO;
				DEBUG_INFORMATION_FORMAT = dwarf;
				ENABLE_STRICT_OBJC_MSGSEND = YES;
				ENABLE_TESTABILITY = YES;
				GCC_C_LANGUAGE_STANDARD = gnu11;
				GCC_DYNAMIC_NO_PIC = NO;
				GCC_NO_COMMON_BLOCKS = YES;
				GCC_OPTIMIZATION_LEVEL = 0;
				GCC_PREPROCESSOR_DEFINITIONS = (
					"DEBUG=1",
					"$(inherited)",
				);
				GCC_WARN_64_TO_32_BIT_CONVERSION = YES;
				GCC_WARN_ABOUT_RETURN_TYPE = YES_ERROR;
				GCC_WARN_UNDECLARED_SELECTOR = YES;
				GCC_WARN_UNINITIALIZED_AUTOS = YES_AGGRESSIVE;
				GCC_WARN_UNUSED_FUNCTION = YES;
				GCC_WARN_UNUSED_VARIABLE = YES;
				IPHONEOS_DEPLOYMENT_TARGET = 13.5;
				MTL_ENABLE_DEBUG_INFO = INCLUDE_SOURCE;
				MTL_FAST_MATH = YES;
				ONLY_ACTIVE_ARCH = YES;
				SDKROOT = iphoneos;
				SWIFT_ACTIVE_COMPILATION_CONDITIONS = DEBUG;
				SWIFT_OPTIMIZATION_LEVEL = "-Onone";
			};
			name = Debug;
		};
		12CE022C24C5BDF4008D7847 /* Release */ = {
			isa = XCBuildConfiguration;
			buildSettings = {
				ALWAYS_SEARCH_USER_PATHS = NO;
				CLANG_ANALYZER_NONNULL = YES;
				CLANG_ANALYZER_NUMBER_OBJECT_CONVERSION = YES_AGGRESSIVE;
				CLANG_CXX_LANGUAGE_STANDARD = "gnu++14";
				CLANG_CXX_LIBRARY = "libc++";
				CLANG_ENABLE_MODULES = YES;
				CLANG_ENABLE_OBJC_ARC = YES;
				CLANG_ENABLE_OBJC_WEAK = YES;
				CLANG_WARN_BLOCK_CAPTURE_AUTORELEASING = YES;
				CLANG_WARN_BOOL_CONVERSION = YES;
				CLANG_WARN_COMMA = YES;
				CLANG_WARN_CONSTANT_CONVERSION = YES;
				CLANG_WARN_DEPRECATED_OBJC_IMPLEMENTATIONS = YES;
				CLANG_WARN_DIRECT_OBJC_ISA_USAGE = YES_ERROR;
				CLANG_WARN_DOCUMENTATION_COMMENTS = YES;
				CLANG_WARN_EMPTY_BODY = YES;
				CLANG_WARN_ENUM_CONVERSION = YES;
				CLANG_WARN_INFINITE_RECURSION = YES;
				CLANG_WARN_INT_CONVERSION = YES;
				CLANG_WARN_NON_LITERAL_NULL_CONVERSION = YES;
				CLANG_WARN_OBJC_IMPLICIT_RETAIN_SELF = YES;
				CLANG_WARN_OBJC_LITERAL_CONVERSION = YES;
				CLANG_WARN_OBJC_ROOT_CLASS = YES_ERROR;
				CLANG_WARN_RANGE_LOOP_ANALYSIS = YES;
				CLANG_WARN_STRICT_PROTOTYPES = YES;
				CLANG_WARN_SUSPICIOUS_MOVE = YES;
				CLANG_WARN_UNGUARDED_AVAILABILITY = YES_AGGRESSIVE;
				CLANG_WARN_UNREACHABLE_CODE = YES;
				CLANG_WARN__DUPLICATE_METHOD_MATCH = YES;
				COPY_PHASE_STRIP = NO;
				DEBUG_INFORMATION_FORMAT = "dwarf-with-dsym";
				ENABLE_NS_ASSERTIONS = NO;
				ENABLE_STRICT_OBJC_MSGSEND = YES;
				GCC_C_LANGUAGE_STANDARD = gnu11;
				GCC_NO_COMMON_BLOCKS = YES;
				GCC_WARN_64_TO_32_BIT_CONVERSION = YES;
				GCC_WARN_ABOUT_RETURN_TYPE = YES_ERROR;
				GCC_WARN_UNDECLARED_SELECTOR = YES;
				GCC_WARN_UNINITIALIZED_AUTOS = YES_AGGRESSIVE;
				GCC_WARN_UNUSED_FUNCTION = YES;
				GCC_WARN_UNUSED_VARIABLE = YES;
				IPHONEOS_DEPLOYMENT_TARGET = 13.5;
				MTL_ENABLE_DEBUG_INFO = NO;
				MTL_FAST_MATH = YES;
				SDKROOT = iphoneos;
				SWIFT_COMPILATION_MODE = wholemodule;
				SWIFT_OPTIMIZATION_LEVEL = "-O";
				VALIDATE_PRODUCT = YES;
			};
			name = Release;
		};
		12CE022E24C5BDF4008D7847 /* Debug */ = {
			isa = XCBuildConfiguration;
			baseConfigurationReference = 15C42528C9799F08658587D0 /* Pods-AppToAppChat.debug.xcconfig */;
			buildSettings = {
				ASSETCATALOG_COMPILER_APPICON_NAME = AppIcon;
				CODE_SIGN_STYLE = Automatic;
				DEVELOPMENT_TEAM = 7F2B5ZSP8Q;
				INFOPLIST_FILE = AppToAppChat/Info.plist;
				LD_RUNPATH_SEARCH_PATHS = (
					"$(inherited)",
					"@executable_path/Frameworks",
				);
				PRODUCT_BUNDLE_IDENTIFIER = com.vonage.AppToAppChat;
				PRODUCT_NAME = "$(TARGET_NAME)";
				SWIFT_VERSION = 5.0;
				TARGETED_DEVICE_FAMILY = "1,2";
			};
			name = Debug;
		};
		12CE022F24C5BDF4008D7847 /* Release */ = {
			isa = XCBuildConfiguration;
			baseConfigurationReference = B9235A6F9F42A6A01CE501C5 /* Pods-AppToAppChat.release.xcconfig */;
			buildSettings = {
				ASSETCATALOG_COMPILER_APPICON_NAME = AppIcon;
				CODE_SIGN_STYLE = Automatic;
				DEVELOPMENT_TEAM = 7F2B5ZSP8Q;
				INFOPLIST_FILE = AppToAppChat/Info.plist;
				LD_RUNPATH_SEARCH_PATHS = (
					"$(inherited)",
					"@executable_path/Frameworks",
				);
				PRODUCT_BUNDLE_IDENTIFIER = com.vonage.AppToAppChat;
				PRODUCT_NAME = "$(TARGET_NAME)";
				SWIFT_VERSION = 5.0;
				TARGETED_DEVICE_FAMILY = "1,2";
			};
			name = Release;
		};
/* End XCBuildConfiguration section */

/* Begin XCConfigurationList section */
		12CE021424C5BDF2008D7847 /* Build configuration list for PBXProject "AppToAppChat" */ = {
			isa = XCConfigurationList;
			buildConfigurations = (
				12CE022B24C5BDF4008D7847 /* Debug */,
				12CE022C24C5BDF4008D7847 /* Release */,
			);
			defaultConfigurationIsVisible = 0;
			defaultConfigurationName = Release;
		};
		12CE022D24C5BDF4008D7847 /* Build configuration list for PBXNativeTarget "AppToAppChat" */ = {
			isa = XCConfigurationList;
			buildConfigurations = (
				12CE022E24C5BDF4008D7847 /* Debug */,
				12CE022F24C5BDF4008D7847 /* Release */,
			);
			defaultConfigurationIsVisible = 0;
			defaultConfigurationName = Release;
		};
/* End XCConfigurationList section */
	};
	rootObject = 12CE021124C5BDF2008D7847 /* Project object */;
}
