PODS:
  - VonageClientSDKVoice (0.1.3-alpha.19):
    - VonageWebRTC (~> 99.2.39)
  - VonageWebRTC (99.2.39)

DEPENDENCIES:
  - VonageClientSDKVoice (= 0.1.3-alpha.19)

SPEC REPOS:
  trunk:
    - VonageClientSDKVoice
    - VonageWebRTC

SPEC CHECKSUMS:
  VonageClientSDKVoice: a8bc212aed0b1b55947e96fc0056555e7f2e18d9
  VonageWebRTC: 4b57187170ef4ea435006e932600646a0521d6b0

PODFILE CHECKSUM: da336472ff786d12b0ca89b233fed2e9c60dc8cb

COCOAPODS: 1.11.3
