PODS:
  - NexmoClient (4.0.4):
    - VonageWebRTC (= 84.0.6)
  - VonageWebRTC (84.0.6)

DEPENDENCIES:
  - NexmoClient

SPEC REPOS:
  trunk:
    - NexmoClient
    - VonageWebRTC

SPEC CHECKSUMS:
  NexmoClient: d460f41a6cda79e0ab939d36421ee9fcb59bc105
  VonageWebRTC: 43c98daaa1922c6a22b145779dba8efbf7ea431e

PODFILE CHECKSUM: 68eb16f992e8e329d2c6a233a1abc80fd12fa2a5

COCOAPODS: 1.11.2
