PODS:
  - VonageClientSDKVoice (0.1.4-alpha.4):
    - VonageWebRTC (~> 99.2.39)
  - VonageWebRTC (99.2.39)

DEPENDENCIES:
  - VonageClientSDKVoice (= 0.1.4-alpha.4)

SPEC REPOS:
  trunk:
    - VonageClientSDKVoice
    - VonageWebRTC

SPEC CHECKSUMS:
  VonageClientSDKVoice: 8ee03398850799d769b895e92f217ec004068171
  VonageWebRTC: 4b57187170ef4ea435006e932600646a0521d6b0

PODFILE CHECKSUM: 4186f5d34753be6a9af6fee9d8d7df9fdd461483

COCOAPODS: 1.11.3
