// !$*UTF8*$!
{
	archiveVersion = 1;
	classes = {
	};
	objectVersion = 51;
	objects = {

/* Begin PBXBuildFile section */
		12F8EE9524B33A9C00EDB1CC /* AppDelegate.swift in Sources */ = {isa = PBXBuildFile; fileRef = 12F8EE9424B33A9C00EDB1CC /* AppDelegate.swift */; };
		12F8EE9724B33A9C00EDB1CC /* SceneDelegate.swift in Sources */ = {isa = PBXBuildFile; fileRef = 12F8EE9624B33A9C00EDB1CC /* SceneDelegate.swift */; };
		12F8EE9924B33A9C00EDB1CC /* ViewController.swift in Sources */ = {isa = PBXBuildFile; fileRef = 12F8EE9824B33A9C00EDB1CC /* ViewController.swift */; };
		12F8EE9C24B33A9C00EDB1CC /* Main.storyboard in Resources */ = {isa = PBXBuildFile; fileRef = 12F8EE9A24B33A9C00EDB1CC /* Main.storyboard */; };
		12F8EE9E24B33A9D00EDB1CC /* Assets.xcassets in Resources */ = {isa = PBXBuildFile; fileRef = 12F8EE9D24B33A9D00EDB1CC /* Assets.xcassets */; };
		12F8EEA124B33A9D00EDB1CC /* LaunchScreen.storyboard in Resources */ = {isa = PBXBuildFile; fileRef = 12F8EE9F24B33A9D00EDB1CC /* LaunchScreen.storyboard */; };
		F65FCA67FA117493F15AEFE0 /* Pods_PhoneToApp.framework in Frameworks */ = {isa = PBXBuildFile; fileRef = 512F01FEC7B10AC0DA1C7986 /* Pods_PhoneToApp.framework */; };
/* End PBXBuildFile section */

/* Begin PBXFileReference section */
		12F8EE9124B33A9C00EDB1CC /* PhoneToApp.app */ = {isa = PBXFileReference; explicitFileType = wrapper.application; includeInIndex = 0; path = PhoneToApp.app; sourceTree = BUILT_PRODUCTS_DIR; };
		12F8EE9424B33A9C00EDB1CC /* AppDelegate.swift */ = {isa = PBXFileReference; lastKnownFileType = sourcecode.swift; path = AppDelegate.swift; sourceTree = "<group>"; };
		12F8EE9624B33A9C00EDB1CC /* SceneDelegate.swift */ = {isa = PBXFileReference; lastKnownFileType = sourcecode.swift; path = SceneDelegate.swift; sourceTree = "<group>"; };
		12F8EE9824B33A9C00EDB1CC /* ViewController.swift */ = {isa = PBXFileReference; lastKnownFileType = sourcecode.swift; path = ViewController.swift; sourceTree = "<group>"; };
		12F8EE9B24B33A9C00EDB1CC /* Base */ = {isa = PBXFileReference; lastKnownFileType = file.storyboard; name = Base; path = Base.lproj/Main.storyboard; sourceTree = "<group>"; };
		12F8EE9D24B33A9D00EDB1CC /* Assets.xcassets */ = {isa = PBXFileReference; lastKnownFileType = folder.assetcatalog; path = Assets.xcassets; sourceTree = "<group>"; };
		12F8EEA024B33A9D00EDB1CC /* Base */ = {isa = PBXFileReference; lastKnownFileType = file.storyboard; name = Base; path = Base.lproj/LaunchScreen.storyboard; sourceTree = "<group>"; };
		12F8EEA224B33A9D00EDB1CC /* Info.plist */ = {isa = PBXFileReference; lastKnownFileType = text.plist.xml; path = Info.plist; sourceTree = "<group>"; };
		512F01FEC7B10AC0DA1C7986 /* Pods_PhoneToApp.framework */ = {isa = PBXFileReference; explicitFileType = wrapper.framework; includeInIndex = 0; path = Pods_PhoneToApp.framework; sourceTree = BUILT_PRODUCTS_DIR; };
		91D9DC7916DEF072FDDEF40C /* Pods-PhoneToApp.debug.xcconfig */ = {isa = PBXFileReference; includeInIndex = 1; lastKnownFileType = text.xcconfig; name = "Pods-PhoneToApp.debug.xcconfig"; path = "Target Support Files/Pods-PhoneToApp/Pods-PhoneToApp.debug.xcconfig"; sourceTree = "<group>"; };
		9F289AD8E5C00C3E89252E94 /* Pods-PhoneToApp.release.xcconfig */ = {isa = PBXFileReference; includeInIndex = 1; lastKnownFileType = text.xcconfig; name = "Pods-PhoneToApp.release.xcconfig"; path = "Target Support Files/Pods-PhoneToApp/Pods-PhoneToApp.release.xcconfig"; sourceTree = "<group>"; };
/* End PBXFileReference section */

/* Begin PBXFrameworksBuildPhase section */
		12F8EE8E24B33A9C00EDB1CC /* Frameworks */ = {
			isa = PBXFrameworksBuildPhase;
			buildActionMask = 2147483647;
			files = (
				F65FCA67FA117493F15AEFE0 /* Pods_PhoneToApp.framework in Frameworks */,
			);
			runOnlyForDeploymentPostprocessing = 0;
		};
/* End PBXFrameworksBuildPhase section */

/* Begin PBXGroup section */
		12F8EE8824B33A9C00EDB1CC = {
			isa = PBXGroup;
			children = (
				12F8EE9324B33A9C00EDB1CC /* PhoneToApp */,
				12F8EE9224B33A9C00EDB1CC /* Products */,
				E8689775D279B639D78B2EF7 /* Pods */,
				61F2534D92C8E862E77ED5A1 /* Frameworks */,
			);
			sourceTree = "<group>";
		};
		12F8EE9224B33A9C00EDB1CC /* Products */ = {
			isa = PBXGroup;
			children = (
				12F8EE9124B33A9C00EDB1CC /* PhoneToApp.app */,
			);
			name = Products;
			sourceTree = "<group>";
		};
		12F8EE9324B33A9C00EDB1CC /* PhoneToApp */ = {
			isa = PBXGroup;
			children = (
				12F8EE9424B33A9C00EDB1CC /* AppDelegate.swift */,
				12F8EE9624B33A9C00EDB1CC /* SceneDelegate.swift */,
				12F8EE9824B33A9C00EDB1CC /* ViewController.swift */,
				12F8EE9A24B33A9C00EDB1CC /* Main.storyboard */,
				12F8EE9D24B33A9D00EDB1CC /* Assets.xcassets */,
				12F8EE9F24B33A9D00EDB1CC /* LaunchScreen.storyboard */,
				12F8EEA224B33A9D00EDB1CC /* Info.plist */,
			);
			path = PhoneToApp;
			sourceTree = "<group>";
		};
		61F2534D92C8E862E77ED5A1 /* Frameworks */ = {
			isa = PBXGroup;
			children = (
				512F01FEC7B10AC0DA1C7986 /* Pods_PhoneToApp.framework */,
			);
			name = Frameworks;
			sourceTree = "<group>";
		};
		E8689775D279B639D78B2EF7 /* Pods */ = {
			isa = PBXGroup;
			children = (
				91D9DC7916DEF072FDDEF40C /* Pods-PhoneToApp.debug.xcconfig */,
				9F289AD8E5C00C3E89252E94 /* Pods-PhoneToApp.release.xcconfig */,
			);
			path = Pods;
			sourceTree = "<group>";
		};
/* End PBXGroup section */

/* Begin PBXNativeTarget section */
		12F8EE9024B33A9C00EDB1CC /* PhoneToApp */ = {
			isa = PBXNativeTarget;
			buildConfigurationList = 12F8EEA524B33A9D00EDB1CC /* Build configuration list for PBXNativeTarget "PhoneToApp" */;
			buildPhases = (
				AA0A6CADF06990A54FFCC72F /* [CP] Check Pods Manifest.lock */,
				12F8EE8D24B33A9C00EDB1CC /* Sources */,
				12F8EE8E24B33A9C00EDB1CC /* Frameworks */,
				12F8EE8F24B33A9C00EDB1CC /* Resources */,
				ECAB3E0CFC44AE41A9D233ED /* [CP] Embed Pods Frameworks */,
			);
			buildRules = (
			);
			dependencies = (
			);
			name = PhoneToApp;
			productName = PhoneToApp;
			productReference = 12F8EE9124B33A9C00EDB1CC /* PhoneToApp.app */;
			productType = "com.apple.product-type.application";
		};
/* End PBXNativeTarget section */

/* Begin PBXProject section */
		12F8EE8924B33A9C00EDB1CC /* Project object */ = {
			isa = PBXProject;
			attributes = {
				LastSwiftUpdateCheck = 1150;
				LastUpgradeCheck = 1150;
				ORGANIZATIONNAME = Vonage;
				TargetAttributes = {
					12F8EE9024B33A9C00EDB1CC = {
						CreatedOnToolsVersion = 11.5;
					};
				};
			};
			buildConfigurationList = 12F8EE8C24B33A9C00EDB1CC /* Build configuration list for PBXProject "PhoneToApp" */;
			compatibilityVersion = "Xcode 9.3";
			developmentRegion = en;
			hasScannedForEncodings = 0;
			knownRegions = (
				en,
				Base,
			);
			mainGroup = 12F8EE8824B33A9C00EDB1CC;
			productRefGroup = 12F8EE9224B33A9C00EDB1CC /* Products */;
			projectDirPath = "";
			projectRoot = "";
			targets = (
				12F8EE9024B33A9C00EDB1CC /* PhoneToApp */,
			);
		};
/* End PBXProject section */

/* Begin PBXResourcesBuildPhase section */
		12F8EE8F24B33A9C00EDB1CC /* Resources */ = {
			isa = PBXResourcesBuildPhase;
			buildActionMask = 2147483647;
			files = (
				12F8EEA124B33A9D00EDB1CC /* LaunchScreen.storyboard in Resources */,
				12F8EE9E24B33A9D00EDB1CC /* Assets.xcassets in Resources */,
				12F8EE9C24B33A9C00EDB1CC /* Main.storyboard in Resources */,
			);
			runOnlyForDeploymentPostprocessing = 0;
		};
/* End PBXResourcesBuildPhase section */

/* Begin PBXShellScriptBuildPhase section */
		AA0A6CADF06990A54FFCC72F /* [CP] Check Pods Manifest.lock */ = {
			isa = PBXShellScriptBuildPhase;
			buildActionMask = 2147483647;
			files = (
			);
			inputFileListPaths = (
			);
			inputPaths = (
				"${PODS_PODFILE_DIR_PATH}/Podfile.lock",
				"${PODS_ROOT}/Manifest.lock",
			);
			name = "[CP] Check Pods Manifest.lock";
			outputFileListPaths = (
			);
			outputPaths = (
				"$(DERIVED_FILE_DIR)/Pods-PhoneToApp-checkManifestLockResult.txt",
			);
			runOnlyForDeploymentPostprocessing = 0;
			shellPath = /bin/sh;
			shellScript = "diff \"${PODS_PODFILE_DIR_PATH}/Podfile.lock\" \"${PODS_ROOT}/Manifest.lock\" > /dev/null\nif [ $? != 0 ] ; then\n    # print error to STDERR\n    echo \"error: The sandbox is not in sync with the Podfile.lock. Run 'pod install' or update your CocoaPods installation.\" >&2\n    exit 1\nfi\n# This output is used by Xcode 'outputs' to avoid re-running this script phase.\necho \"SUCCESS\" > \"${SCRIPT_OUTPUT_FILE_0}\"\n";
			showEnvVarsInLog = 0;
		};
		ECAB3E0CFC44AE41A9D233ED /* [CP] Embed Pods Frameworks */ = {
			isa = PBXShellScriptBuildPhase;
			buildActionMask = 2147483647;
			files = (
			);
			inputFileListPaths = (
				"${PODS_ROOT}/Target Support Files/Pods-PhoneToApp/Pods-PhoneToApp-frameworks-${CONFIGURATION}-input-files.xcfilelist",
			);
			name = "[CP] Embed Pods Frameworks";
			outputFileListPaths = (
				"${PODS_ROOT}/Target Support Files/Pods-PhoneToApp/Pods-PhoneToApp-frameworks-${CONFIGURATION}-output-files.xcfilelist",
			);
			runOnlyForDeploymentPostprocessing = 0;
			shellPath = /bin/sh;
			shellScript = "\"${PODS_ROOT}/Target Support Files/Pods-PhoneToApp/Pods-PhoneToApp-frameworks.sh\"\n";
			showEnvVarsInLog = 0;
		};
/* End PBXShellScriptBuildPhase section */

/* Begin PBXSourcesBuildPhase section */
		12F8EE8D24B33A9C00EDB1CC /* Sources */ = {
			isa = PBXSourcesBuildPhase;
			buildActionMask = 2147483647;
			files = (
				12F8EE9924B33A9C00EDB1CC /* ViewController.swift in Sources */,
				12F8EE9524B33A9C00EDB1CC /* AppDelegate.swift in Sources */,
				12F8EE9724B33A9C00EDB1CC /* SceneDelegate.swift in Sources */,
			);
			runOnlyForDeploymentPostprocessing = 0;
		};
/* End PBXSourcesBuildPhase section */

/* Begin PBXVariantGroup section */
		12F8EE9A24B33A9C00EDB1CC /* Main.storyboard */ = {
			isa = PBXVariantGroup;
			children = (
				12F8EE9B24B33A9C00EDB1CC /* Base */,
			);
			name = Main.storyboard;
			sourceTree = "<group>";
		};
		12F8EE9F24B33A9D00EDB1CC /* LaunchScreen.storyboard */ = {
			isa = PBXVariantGroup;
			children = (
				12F8EEA024B33A9D00EDB1CC /* Base */,
			);
			name = LaunchScreen.storyboard;
			sourceTree = "<group>";
		};
/* End PBXVariantGroup section */

/* Begin XCBuildConfiguration section */
		12F8EEA324B33A9D00EDB1CC /* Debug */ = {
			isa = XCBuildConfiguration;
			buildSettings = {
				ALWAYS_SEARCH_USER_PATHS = NO;
				CLANG_ANALYZER_NONNULL = YES;
				CLANG_ANALYZER_NUMBER_OBJECT_CONVERSION = YES_AGGRESSIVE;
				CLANG_CXX_LANGUAGE_STANDARD = "gnu++14";
				CLANG_CXX_LIBRARY = "libc++";
				CLANG_ENABLE_MODULES = YES;
				CLANG_ENABLE_OBJC_ARC = YES;
				CLANG_ENABLE_OBJC_WEAK = YES;
				CLANG_WARN_BLOCK_CAPTURE_AUTORELEASING = YES;
				CLANG_WARN_BOOL_CONVERSION = YES;
				CLANG_WARN_COMMA = YES;
				CLANG_WARN_CONSTANT_CONVERSION = YES;
				CLANG_WARN_DEPRECATED_OBJC_IMPLEMENTATIONS = YES;
				CLANG_WARN_DIRECT_OBJC_ISA_USAGE = YES_ERROR;
				CLANG_WARN_DOCUMENTATION_COMMENTS = YES;
				CLANG_WARN_EMPTY_BODY = YES;
				CLANG_WARN_ENUM_CONVERSION = YES;
				CLANG_WARN_INFINITE_RECURSION = YES;
				CLANG_WARN_INT_CONVERSION = YES;
				CLANG_WARN_NON_LITERAL_NULL_CONVERSION = YES;
				CLANG_WARN_OBJC_IMPLICIT_RETAIN_SELF = YES;
				CLANG_WARN_OBJC_LITERAL_CONVERSION = YES;
				CLANG_WARN_OBJC_ROOT_CLASS = YES_ERROR;
				CLANG_WARN_RANGE_LOOP_ANALYSIS = YES;
				CLANG_WARN_STRICT_PROTOTYPES = YES;
				CLANG_WARN_SUSPICIOUS_MOVE = YES;
				CLANG_WARN_UNGUARDED_AVAILABILITY = YES_AGGRESSIVE;
				CLANG_WARN_UNREACHABLE_CODE = YES;
				CLANG_WARN__DUPLICATE_METHOD_MATCH = YES;
				COPY_PHASE_STRIP = NO;
				DEBUG_INFORMATION_FORMAT = dwarf;
				ENABLE_STRICT_OBJC_MSGSEND = YES;
				ENABLE_TESTABILITY = YES;
				GCC_C_LANGUAGE_STANDARD = gnu11;
				GCC_DYNAMIC_NO_PIC = NO;
				GCC_NO_COMMON_BLOCKS = YES;
				GCC_OPTIMIZATION_LEVEL = 0;
				GCC_PREPROCESSOR_DEFINITIONS = (
					"DEBUG=1",
					"$(inherited)",
				);
				GCC_WARN_64_TO_32_BIT_CONVERSION = YES;
				GCC_WARN_ABOUT_RETURN_TYPE = YES_ERROR;
				GCC_WARN_UNDECLARED_SELECTOR = YES;
				GCC_WARN_UNINITIALIZED_AUTOS = YES_AGGRESSIVE;
				GCC_WARN_UNUSED_FUNCTION = YES;
				GCC_WARN_UNUSED_VARIABLE = YES;
				IPHONEOS_DEPLOYMENT_TARGET = 14.0;
				MTL_ENABLE_DEBUG_INFO = INCLUDE_SOURCE;
				MTL_FAST_MATH = YES;
				ONLY_ACTIVE_ARCH = YES;
				SDKROOT = iphoneos;
				SWIFT_ACTIVE_COMPILATION_CONDITIONS = DEBUG;
				SWIFT_OPTIMIZATION_LEVEL = "-Onone";
			};
			name = Debug;
		};
		12F8EEA424B33A9D00EDB1CC /* Release */ = {
			isa = XCBuildConfiguration;
			buildSettings = {
				ALWAYS_SEARCH_USER_PATHS = NO;
				CLANG_ANALYZER_NONNULL = YES;
				CLANG_ANALYZER_NUMBER_OBJECT_CONVERSION = YES_AGGRESSIVE;
				CLANG_CXX_LANGUAGE_STANDARD = "gnu++14";
				CLANG_CXX_LIBRARY = "libc++";
				CLANG_ENABLE_MODULES = YES;
				CLANG_ENABLE_OBJC_ARC = YES;
				CLANG_ENABLE_OBJC_WEAK = YES;
				CLANG_WARN_BLOCK_CAPTURE_AUTORELEASING = YES;
				CLANG_WARN_BOOL_CONVERSION = YES;
				CLANG_WARN_COMMA = YES;
				CLANG_WARN_CONSTANT_CONVERSION = YES;
				CLANG_WARN_DEPRECATED_OBJC_IMPLEMENTATIONS = YES;
				CLANG_WARN_DIRECT_OBJC_ISA_USAGE = YES_ERROR;
				CLANG_WARN_DOCUMENTATION_COMMENTS = YES;
				CLANG_WARN_EMPTY_BODY = YES;
				CLANG_WARN_ENUM_CONVERSION = YES;
				CLANG_WARN_INFINITE_RECURSION = YES;
				CLANG_WARN_INT_CONVERSION = YES;
				CLANG_WARN_NON_LITERAL_NULL_CONVERSION = YES;
				CLANG_WARN_OBJC_IMPLICIT_RETAIN_SELF = YES;
				CLANG_WARN_OBJC_LITERAL_CONVERSION = YES;
				CLANG_WARN_OBJC_ROOT_CLASS = YES_ERROR;
				CLANG_WARN_RANGE_LOOP_ANALYSIS = YES;
				CLANG_WARN_STRICT_PROTOTYPES = YES;
				CLANG_WARN_SUSPICIOUS_MOVE = YES;
				CLANG_WARN_UNGUARDED_AVAILABILITY = YES_AGGRESSIVE;
				CLANG_WARN_UNREACHABLE_CODE = YES;
				CLANG_WARN__DUPLICATE_METHOD_MATCH = YES;
				COPY_PHASE_STRIP = NO;
				DEBUG_INFORMATION_FORMAT = "dwarf-with-dsym";
				ENABLE_NS_ASSERTIONS = NO;
				ENABLE_STRICT_OBJC_MSGSEND = YES;
				GCC_C_LANGUAGE_STANDARD = gnu11;
				GCC_NO_COMMON_BLOCKS = YES;
				GCC_WARN_64_TO_32_BIT_CONVERSION = YES;
				GCC_WARN_ABOUT_RETURN_TYPE = YES_ERROR;
				GCC_WARN_UNDECLARED_SELECTOR = YES;
				GCC_WARN_UNINITIALIZED_AUTOS = YES_AGGRESSIVE;
				GCC_WARN_UNUSED_FUNCTION = YES;
				GCC_WARN_UNUSED_VARIABLE = YES;
				IPHONEOS_DEPLOYMENT_TARGET = 14.0;
				MTL_ENABLE_DEBUG_INFO = NO;
				MTL_FAST_MATH = YES;
				SDKROOT = iphoneos;
				SWIFT_COMPILATION_MODE = wholemodule;
				SWIFT_OPTIMIZATION_LEVEL = "-O";
				VALIDATE_PRODUCT = YES;
			};
			name = Release;
		};
		12F8EEA624B33A9D00EDB1CC /* Debug */ = {
			isa = XCBuildConfiguration;
			baseConfigurationReference = 91D9DC7916DEF072FDDEF40C /* Pods-PhoneToApp.debug.xcconfig */;
			buildSettings = {
				ASSETCATALOG_COMPILER_APPICON_NAME = AppIcon;
				CODE_SIGN_STYLE = Automatic;
				DEVELOPMENT_TEAM = 7F2B5ZSP8Q;
				ENABLE_BITCODE = NO;
				INFOPLIST_FILE = PhoneToApp/Info.plist;
				IPHONEOS_DEPLOYMENT_TARGET = 13.5;
				LD_RUNPATH_SEARCH_PATHS = (
					"$(inherited)",
					"@executable_path/Frameworks",
				);
				PRODUCT_BUNDLE_IDENTIFIER = com.vonage.PhoneToApp;
				PRODUCT_NAME = "$(TARGET_NAME)";
				SWIFT_VERSION = 5.0;
				TARGETED_DEVICE_FAMILY = "1,2";
			};
			name = Debug;
		};
		12F8EEA724B33A9D00EDB1CC /* Release */ = {
			isa = XCBuildConfiguration;
			baseConfigurationReference = 9F289AD8E5C00C3E89252E94 /* Pods-PhoneToApp.release.xcconfig */;
			buildSettings = {
				ASSETCATALOG_COMPILER_APPICON_NAME = AppIcon;
				CODE_SIGN_STYLE = Automatic;
				DEVELOPMENT_TEAM = 7F2B5ZSP8Q;
				ENABLE_BITCODE = NO;
				INFOPLIST_FILE = PhoneToApp/Info.plist;
				IPHONEOS_DEPLOYMENT_TARGET = 13.5;
				LD_RUNPATH_SEARCH_PATHS = (
					"$(inherited)",
					"@executable_path/Frameworks",
				);
				PRODUCT_BUNDLE_IDENTIFIER = com.vonage.PhoneToApp;
				PRODUCT_NAME = "$(TARGET_NAME)";
				SWIFT_VERSION = 5.0;
				TARGETED_DEVICE_FAMILY = "1,2";
			};
			name = Release;
		};
/* End XCBuildConfiguration section */

/* Begin XCConfigurationList section */
		12F8EE8C24B33A9C00EDB1CC /* Build configuration list for PBXProject "PhoneToApp" */ = {
			isa = XCConfigurationList;
			buildConfigurations = (
				12F8EEA324B33A9D00EDB1CC /* Debug */,
				12F8EEA424B33A9D00EDB1CC /* Release */,
			);
			defaultConfigurationIsVisible = 0;
			defaultConfigurationName = Release;
		};
		12F8EEA524B33A9D00EDB1CC /* Build configuration list for PBXNativeTarget "PhoneToApp" */ = {
			isa = XCConfigurationList;
			buildConfigurations = (
				12F8EEA624B33A9D00EDB1CC /* Debug */,
				12F8EEA724B33A9D00EDB1CC /* Release */,
			);
			defaultConfigurationIsVisible = 0;
			defaultConfigurationName = Release;
		};
/* End XCConfigurationList section */
	};
	rootObject = 12F8EE8924B33A9C00EDB1CC /* Project object */;
}
