PODS:
  - VonageClientSDKVoice (0.1.4-alpha.4):
    - VonageWebRTC (~> 99.2.39)
  - VonageWebRTC (99.2.39)

DEPENDENCIES:
  - VonageClientSDKVoice (= 0.1.4-alpha.4)

SPEC REPOS:
  trunk:
    - VonageClientSDKVoice
    - VonageWebRTC

SPEC CHECKSUMS:
  VonageClientSDKVoice: 8ee03398850799d769b895e92f217ec004068171
  VonageWebRTC: 4b57187170ef4ea435006e932600646a0521d6b0

PODFILE CHECKSUM: 0f023b46ae67cea90139a0636752a75581caf992

COCOAPODS: 1.11.3
