PODS:
  - NexmoClient (4.0.3):
    - VonageWebRTC (= 84.0.6)
  - VonageWebRTC (84.0.6)

DEPENDENCIES:
  - NexmoClient

SPEC REPOS:
  trunk:
    - NexmoClient
    - VonageWebRTC

SPEC CHECKSUMS:
  NexmoClient: d4202fd87c4164545a8254f1050b0f6f7deed913
  VonageWebRTC: 43c98daaa1922c6a22b145779dba8efbf7ea431e

PODFILE CHECKSUM: 332dd59ed66eefa9e296a19a388b8498b4548a58

COCOAPODS: 1.11.2
